
Microsoft Visual Studio Solution File, Format Version 12.00
# Visual Studio Version 17
VisualStudioVersion = 17.2.32516.85
MinimumVisualStudioVersion = 10.0.40219.1
Project("{FAE04EC0-301F-11D3-BF4B-00C04F79EFBC}") = "HospitalDigital11", "WindowsFormsApp1\HospitalDigital11.csproj", "{2E799813-55C9-4AD6-83B7-AAF245E7CEAE}"
EndProject
Global
	GlobalSection(SolutionConfigurationPlatforms) = preSolution
		Debug|Any CPU = Debug|Any CPU
		Release|Any CPU = Release|Any CPU
	EndGlobalSection
	GlobalSection(ProjectConfigurationPlatforms) = postSolution
		{2E799813-55C9-4AD6-83B7-AAF245E7CEAE}.Debug|Any CPU.ActiveCfg = Debug|Any CPU
		{2E799813-55C9-4AD6-83B7-AAF245E7CEAE}.Debug|Any CPU.Build.0 = Debug|Any CPU
		{2E799813-55C9-4AD6-83B7-AAF245E7CEAE}.Release|Any CPU.ActiveCfg = Release|Any CPU
		{2E799813-55C9-4AD6-83B7-AAF245E7CEAE}.Release|Any CPU.Build.0 = Release|Any CPU
	EndGlobalSection
	GlobalSection(SolutionProperties) = preSolution
		HideSolutionNode = FALSE
	EndGlobalSection
	GlobalSection(ExtensibilityGlobals) = postSolution
		SolutionGuid = {90123811-A864-4BC8-90C8-9571051AD748}
	EndGlobalSection
EndGlobal
